
Microsoft Visual Studio Solution File, Format Version 12.00
# Visual Studio Version 17
VisualStudioVersion = 17.5.33424.131
MinimumVisualStudioVersion = 10.0.40219.1
Project("{FAE04EC0-301F-11D3-BF4B-00C04F79EFBC}") = "JogoAdivinhacao.", "..\JogoAdivinhacao\JogoAdivinhacao\JogoAdivinhacao..csproj", "{DACD7F9F-9E42-4473-BDFB-F12C7D39ECEB}"
EndProject
Global
	GlobalSection(SolutionConfigurationPlatforms) = preSolution
		Debug|Any CPU = Debug|Any CPU
		Release|Any CPU = Release|Any CPU
	EndGlobalSection
	GlobalSection(ProjectConfigurationPlatforms) = postSolution
		{DACD7F9F-9E42-4473-BDFB-F12C7D39ECEB}.Debug|Any CPU.ActiveCfg = Debug|Any CPU
		{DACD7F9F-9E42-4473-BDFB-F12C7D39ECEB}.Debug|Any CPU.Build.0 = Debug|Any CPU
		{DACD7F9F-9E42-4473-BDFB-F12C7D39ECEB}.Release|Any CPU.ActiveCfg = Release|Any CPU
		{DACD7F9F-9E42-4473-BDFB-F12C7D39ECEB}.Release|Any CPU.Build.0 = Release|Any CPU
	EndGlobalSection
	GlobalSection(SolutionProperties) = preSolution
		HideSolutionNode = FALSE
	EndGlobalSection
	GlobalSection(ExtensibilityGlobals) = postSolution
		SolutionGuid = {CBBCCB5B-3300-4226-B2BA-B3184EB864C0}
	EndGlobalSection
EndGlobal
